# THIS IS AN AUTOGENERATED FILE. DO NOT EDIT THIS FILE DIRECTLY.
# yarn lockfile v1


import-export@^1.0.1:
  version "1.0.1"
  resolved "https://registry.yarnpkg.com/import-export/-/import-export-1.0.1.tgz#2b705fc9d022a32cf86a43e41224b8e25ab6335e"
  dependencies:
    node-hook "^0.4.0"

node-hook@^0.4.0:
  version "0.4.1"
  resolved "https://registry.yarnpkg.com/node-hook/-/node-hook-0.4.1.tgz#1016a106e93ebd959fd337cbe35fa6397fa9d61c"
